
Microsoft Visual Studio Solution File, Format Version 12.00
# Visual Studio Version 16
VisualStudioVersion = 16.0.30611.23
MinimumVisualStudioVersion = 10.0.40219.1
Project("{FAE04EC0-301F-11D3-BF4B-00C04F79EFBC}") = "EXPRACU1_Lizarraga", "EXPRACU1_Lizarraga.csproj", "{0DA1BAF3-E142-4A67-A74C-788C6EE620D4}"
EndProject
Global
	GlobalSection(SolutionConfigurationPlatforms) = preSolution
		Debug|Any CPU = Debug|Any CPU
		Release|Any CPU = Release|Any CPU
	EndGlobalSection
	GlobalSection(ProjectConfigurationPlatforms) = postSolution
		{0DA1BAF3-E142-4A67-A74C-788C6EE620D4}.Debug|Any CPU.ActiveCfg = Debug|Any CPU
		{0DA1BAF3-E142-4A67-A74C-788C6EE620D4}.Debug|Any CPU.Build.0 = Debug|Any CPU
		{0DA1BAF3-E142-4A67-A74C-788C6EE620D4}.Release|Any CPU.ActiveCfg = Release|Any CPU
		{0DA1BAF3-E142-4A67-A74C-788C6EE620D4}.Release|Any CPU.Build.0 = Release|Any CPU
	EndGlobalSection
	GlobalSection(SolutionProperties) = preSolution
		HideSolutionNode = FALSE
	EndGlobalSection
	GlobalSection(ExtensibilityGlobals) = postSolution
		SolutionGuid = {FC35EF77-1038-4F32-A590-44D7608F08C2}
	EndGlobalSection
EndGlobal
